
Microsoft Visual Studio Solution File, Format Version 11.00
# Visual Studio 2010
Project("{FAE04EC0-301F-11D3-BF4B-00C04F79EFBC}") = "MergeTool", "MergeTool\MergeTool.csproj", "{656F41E2-BD55-46C4-A2C5-6F1C7DDE68BA}"
EndProject
Global
	GlobalSection(SolutionConfigurationPlatforms) = preSolution
		Debug|x86 = Debug|x86
		Release|x86 = Release|x86
	EndGlobalSection
	GlobalSection(ProjectConfigurationPlatforms) = postSolution
		{656F41E2-BD55-46C4-A2C5-6F1C7DDE68BA}.Debug|x86.ActiveCfg = Debug|x86
		{656F41E2-BD55-46C4-A2C5-6F1C7DDE68BA}.Debug|x86.Build.0 = Debug|x86
		{656F41E2-BD55-46C4-A2C5-6F1C7DDE68BA}.Release|x86.ActiveCfg = Release|x86
		{656F41E2-BD55-46C4-A2C5-6F1C7DDE68BA}.Release|x86.Build.0 = Release|x86
	EndGlobalSection
	GlobalSection(SolutionProperties) = preSolution
		HideSolutionNode = FALSE
	EndGlobalSection
EndGlobal
